// !$*UTF8*$!
{
	archiveVersion = 1;
	classes = {
	};
	objectVersion = 50;
	objects = {

/* Begin PBXBuildFile section */
		50278C3B2512556E000C69D9 /* SettingsViewController.swift in Sources */ = {isa = PBXBuildFile; fileRef = 50278C3A2512556E000C69D9 /* SettingsViewController.swift */; };
		50CA30D5251050FA000ADA00 /* AppDelegate.swift in Sources */ = {isa = PBXBuildFile; fileRef = 50CA30D4251050FA000ADA00 /* AppDelegate.swift */; };
		50CA30D7251050FA000ADA00 /* SceneDelegate.swift in Sources */ = {isa = PBXBuildFile; fileRef = 50CA30D6251050FA000ADA00 /* SceneDelegate.swift */; };
		50CA30D9251050FA000ADA00 /* ViewController.swift in Sources */ = {isa = PBXBuildFile; fileRef = 50CA30D8251050FA000ADA00 /* ViewController.swift */; };
		50CA30DC251050FA000ADA00 /* Main.storyboard in Resources */ = {isa = PBXBuildFile; fileRef = 50CA30DA251050FA000ADA00 /* Main.storyboard */; };
		50CA30DE251050FC000ADA00 /* Assets.xcassets in Resources */ = {isa = PBXBuildFile; fileRef = 50CA30DD251050FC000ADA00 /* Assets.xcassets */; };
		50CA30E1251050FC000ADA00 /* LaunchScreen.storyboard in Resources */ = {isa = PBXBuildFile; fileRef = 50CA30DF251050FC000ADA00 /* LaunchScreen.storyboard */; };
		50CA30EC251050FC000ADA00 /* tip_calculatorTests.swift in Sources */ = {isa = PBXBuildFile; fileRef = 50CA30EB251050FC000ADA00 /* tip_calculatorTests.swift */; };
		50CA30F7251050FC000ADA00 /* tip_calculatorUITests.swift in Sources */ = {isa = PBXBuildFile; fileRef = 50CA30F6251050FC000ADA00 /* tip_calculatorUITests.swift */; };
/* End PBXBuildFile section */

/* Begin PBXContainerItemProxy section */
		50CA30E8251050FC000ADA00 /* PBXContainerItemProxy */ = {
			isa = PBXContainerItemProxy;
			containerPortal = 50CA30C9251050FA000ADA00 /* Project object */;
			proxyType = 1;
			remoteGlobalIDString = 50CA30D0251050FA000ADA00;
			remoteInfo = "tip calculator";
		};
		50CA30F3251050FC000ADA00 /* PBXContainerItemProxy */ = {
			isa = PBXContainerItemProxy;
			containerPortal = 50CA30C9251050FA000ADA00 /* Project object */;
			proxyType = 1;
			remoteGlobalIDString = 50CA30D0251050FA000ADA00;
			remoteInfo = "tip calculator";
		};
/* End PBXContainerItemProxy section */

/* Begin PBXFileReference section */
		50278C3A2512556E000C69D9 /* SettingsViewController.swift */ = {isa = PBXFileReference; lastKnownFileType = sourcecode.swift; path = SettingsViewController.swift; sourceTree = "<group>"; };
		50CA30D1251050FA000ADA00 /* tip calculator.app */ = {isa = PBXFileReference; explicitFileType = wrapper.application; includeInIndex = 0; path = "tip calculator.app"; sourceTree = BUILT_PRODUCTS_DIR; };
		50CA30D4251050FA000ADA00 /* AppDelegate.swift */ = {isa = PBXFileReference; lastKnownFileType = sourcecode.swift; path = AppDelegate.swift; sourceTree = "<group>"; };
		50CA30D6251050FA000ADA00 /* SceneDelegate.swift */ = {isa = PBXFileReference; lastKnownFileType = sourcecode.swift; path = SceneDelegate.swift; sourceTree = "<group>"; };
		50CA30D8251050FA000ADA00 /* ViewController.swift */ = {isa = PBXFileReference; lastKnownFileType = sourcecode.swift; path = ViewController.swift; sourceTree = "<group>"; };
		50CA30DB251050FA000ADA00 /* Base */ = {isa = PBXFileReference; lastKnownFileType = file.storyboard; name = Base; path = Base.lproj/Main.storyboard; sourceTree = "<group>"; };
		50CA30DD251050FC000ADA00 /* Assets.xcassets */ = {isa = PBXFileReference; lastKnownFileType = folder.assetcatalog; path = Assets.xcassets; sourceTree = "<group>"; };
		50CA30E0251050FC000ADA00 /* Base */ = {isa = PBXFileReference; lastKnownFileType = file.storyboard; name = Base; path = Base.lproj/LaunchScreen.storyboard; sourceTree = "<group>"; };
		50CA30E2251050FC000ADA00 /* Info.plist */ = {isa = PBXFileReference; lastKnownFileType = text.plist.xml; path = Info.plist; sourceTree = "<group>"; };
		50CA30E7251050FC000ADA00 /* tip calculatorTests.xctest */ = {isa = PBXFileReference; explicitFileType = wrapper.cfbundle; includeInIndex = 0; path = "tip calculatorTests.xctest"; sourceTree = BUILT_PRODUCTS_DIR; };
		50CA30EB251050FC000ADA00 /* tip_calculatorTests.swift */ = {isa = PBXFileReference; lastKnownFileType = sourcecode.swift; path = tip_calculatorTests.swift; sourceTree = "<group>"; };
		50CA30ED251050FC000ADA00 /* Info.plist */ = {isa = PBXFileReference; lastKnownFileType = text.plist.xml; path = Info.plist; sourceTree = "<group>"; };
		50CA30F2251050FC000ADA00 /* tip calculatorUITests.xctest */ = {isa = PBXFileReference; explicitFileType = wrapper.cfbundle; includeInIndex = 0; path = "tip calculatorUITests.xctest"; sourceTree = BUILT_PRODUCTS_DIR; };
		50CA30F6251050FC000ADA00 /* tip_calculatorUITests.swift */ = {isa = PBXFileReference; lastKnownFileType = sourcecode.swift; path = tip_calculatorUITests.swift; sourceTree = "<group>"; };
		50CA30F8251050FC000ADA00 /* Info.plist */ = {isa = PBXFileReference; lastKnownFileType = text.plist.xml; path = Info.plist; sourceTree = "<group>"; };
/* End PBXFileReference section */

/* Begin PBXFrameworksBuildPhase section */
		50CA30CE251050FA000ADA00 /* Frameworks */ = {
			isa = PBXFrameworksBuildPhase;
			buildActionMask = 2147483647;
			files = (
			);
			runOnlyForDeploymentPostprocessing = 0;
		};
		50CA30E4251050FC000ADA00 /* Frameworks */ = {
			isa = PBXFrameworksBuildPhase;
			buildActionMask = 2147483647;
			files = (
			);
			runOnlyForDeploymentPostprocessing = 0;
		};
		50CA30EF251050FC000ADA00 /* Frameworks */ = {
			isa = PBXFrameworksBuildPhase;
			buildActionMask = 2147483647;
			files = (
			);
			runOnlyForDeploymentPostprocessing = 0;
		};
/* End PBXFrameworksBuildPhase section */

/* Begin PBXGroup section */
		50CA30C8251050FA000ADA00 = {
			isa = PBXGroup;
			children = (
				50CA30D3251050FA000ADA00 /* tip calculator */,
				50CA30EA251050FC000ADA00 /* tip calculatorTests */,
				50CA30F5251050FC000ADA00 /* tip calculatorUITests */,
				50CA30D2251050FA000ADA00 /* Products */,
			);
			sourceTree = "<group>";
		};
		50CA30D2251050FA000ADA00 /* Products */ = {
			isa = PBXGroup;
			children = (
				50CA30D1251050FA000ADA00 /* tip calculator.app */,
				50CA30E7251050FC000ADA00 /* tip calculatorTests.xctest */,
				50CA30F2251050FC000ADA00 /* tip calculatorUITests.xctest */,
			);
			name = Products;
			sourceTree = "<group>";
		};
		50CA30D3251050FA000ADA00 /* tip calculator */ = {
			isa = PBXGroup;
			children = (
				50CA30D4251050FA000ADA00 /* AppDelegate.swift */,
				50CA30D6251050FA000ADA00 /* SceneDelegate.swift */,
				50CA30D8251050FA000ADA00 /* ViewController.swift */,
				50CA30DA251050FA000ADA00 /* Main.storyboard */,
				50278C3A2512556E000C69D9 /* SettingsViewController.swift */,
				50CA30DD251050FC000ADA00 /* Assets.xcassets */,
				50CA30DF251050FC000ADA00 /* LaunchScreen.storyboard */,
				50CA30E2251050FC000ADA00 /* Info.plist */,
			);
			path = "tip calculator";
			sourceTree = "<group>";
		};
		50CA30EA251050FC000ADA00 /* tip calculatorTests */ = {
			isa = PBXGroup;
			children = (
				50CA30EB251050FC000ADA00 /* tip_calculatorTests.swift */,
				50CA30ED251050FC000ADA00 /* Info.plist */,
			);
			path = "tip calculatorTests";
			sourceTree = "<group>";
		};
		50CA30F5251050FC000ADA00 /* tip calculatorUITests */ = {
			isa = PBXGroup;
			children = (
				50CA30F6251050FC000ADA00 /* tip_calculatorUITests.swift */,
				50CA30F8251050FC000ADA00 /* Info.plist */,
			);
			path = "tip calculatorUITests";
			sourceTree = "<group>";
		};
/* End PBXGroup section */

/* Begin PBXNativeTarget section */
		50CA30D0251050FA000ADA00 /* tip calculator */ = {
			isa = PBXNativeTarget;
			buildConfigurationList = 50CA30FB251050FC000ADA00 /* Build configuration list for PBXNativeTarget "tip calculator" */;
			buildPhases = (
				50CA30CD251050FA000ADA00 /* Sources */,
				50CA30CE251050FA000ADA00 /* Frameworks */,
				50CA30CF251050FA000ADA00 /* Resources */,
			);
			buildRules = (
			);
			dependencies = (
			);
			name = "tip calculator";
			productName = "tip calculator";
			productReference = 50CA30D1251050FA000ADA00 /* tip calculator.app */;
			productType = "com.apple.product-type.application";
		};
		50CA30E6251050FC000ADA00 /* tip calculatorTests */ = {
			isa = PBXNativeTarget;
			buildConfigurationList = 50CA30FE251050FC000ADA00 /* Build configuration list for PBXNativeTarget "tip calculatorTests" */;
			buildPhases = (
				50CA30E3251050FC000ADA00 /* Sources */,
				50CA30E4251050FC000ADA00 /* Frameworks */,
				50CA30E5251050FC000ADA00 /* Resources */,
			);
			buildRules = (
			);
			dependencies = (
				50CA30E9251050FC000ADA00 /* PBXTargetDependency */,
			);
			name = "tip calculatorTests";
			productName = "tip calculatorTests";
			productReference = 50CA30E7251050FC000ADA00 /* tip calculatorTests.xctest */;
			productType = "com.apple.product-type.bundle.unit-test";
		};
		50CA30F1251050FC000ADA00 /* tip calculatorUITests */ = {
			isa = PBXNativeTarget;
			buildConfigurationList = 50CA3101251050FC000ADA00 /* Build configuration list for PBXNativeTarget "tip calculatorUITests" */;
			buildPhases = (
				50CA30EE251050FC000ADA00 /* Sources */,
				50CA30EF251050FC000ADA00 /* Frameworks */,
				50CA30F0251050FC000ADA00 /* Resources */,
			);
			buildRules = (
			);
			dependencies = (
				50CA30F4251050FC000ADA00 /* PBXTargetDependency */,
			);
			name = "tip calculatorUITests";
			productName = "tip calculatorUITests";
			productReference = 50CA30F2251050FC000ADA00 /* tip calculatorUITests.xctest */;
			productType = "com.apple.product-type.bundle.ui-testing";
		};
/* End PBXNativeTarget section */

/* Begin PBXProject section */
		50CA30C9251050FA000ADA00 /* Project object */ = {
			isa = PBXProject;
			attributes = {
				LastSwiftUpdateCheck = 1170;
				LastUpgradeCheck = 1170;
				ORGANIZATIONNAME = Codepath;
				TargetAttributes = {
					50CA30D0251050FA000ADA00 = {
						CreatedOnToolsVersion = 11.7;
					};
					50CA30E6251050FC000ADA00 = {
						CreatedOnToolsVersion = 11.7;
						TestTargetID = 50CA30D0251050FA000ADA00;
					};
					50CA30F1251050FC000ADA00 = {
						CreatedOnToolsVersion = 11.7;
						TestTargetID = 50CA30D0251050FA000ADA00;
					};
				};
			};
			buildConfigurationList = 50CA30CC251050FA000ADA00 /* Build configuration list for PBXProject "tip calculator" */;
			compatibilityVersion = "Xcode 9.3";
			developmentRegion = en;
			hasScannedForEncodings = 0;
			knownRegions = (
				en,
				Base,
			);
			mainGroup = 50CA30C8251050FA000ADA00;
			productRefGroup = 50CA30D2251050FA000ADA00 /* Products */;
			projectDirPath = "";
			projectRoot = "";
			targets = (
				50CA30D0251050FA000ADA00 /* tip calculator */,
				50CA30E6251050FC000ADA00 /* tip calculatorTests */,
				50CA30F1251050FC000ADA00 /* tip calculatorUITests */,
			);
		};
/* End PBXProject section */

/* Begin PBXResourcesBuildPhase section */
		50CA30CF251050FA000ADA00 /* Resources */ = {
			isa = PBXResourcesBuildPhase;
			buildActionMask = 2147483647;
			files = (
				50CA30E1251050FC000ADA00 /* LaunchScreen.storyboard in Resources */,
				50CA30DE251050FC000ADA00 /* Assets.xcassets in Resources */,
				50CA30DC251050FA000ADA00 /* Main.storyboard in Resources */,
			);
			runOnlyForDeploymentPostprocessing = 0;
		};
		50CA30E5251050FC000ADA00 /* Resources */ = {
			isa = PBXResourcesBuildPhase;
			buildActionMask = 2147483647;
			files = (
			);
			runOnlyForDeploymentPostprocessing = 0;
		};
		50CA30F0251050FC000ADA00 /* Resources */ = {
			isa = PBXResourcesBuildPhase;
			buildActionMask = 2147483647;
			files = (
			);
			runOnlyForDeploymentPostprocessing = 0;
		};
/* End PBXResourcesBuildPhase section */

/* Begin PBXSourcesBuildPhase section */
		50CA30CD251050FA000ADA00 /* Sources */ = {
			isa = PBXSourcesBuildPhase;
			buildActionMask = 2147483647;
			files = (
				50CA30D9251050FA000ADA00 /* ViewController.swift in Sources */,
				50CA30D5251050FA000ADA00 /* AppDelegate.swift in Sources */,
				50CA30D7251050FA000ADA00 /* SceneDelegate.swift in Sources */,
				50278C3B2512556E000C69D9 /* SettingsViewController.swift in Sources */,
			);
			runOnlyForDeploymentPostprocessing = 0;
		};
		50CA30E3251050FC000ADA00 /* Sources */ = {
			isa = PBXSourcesBuildPhase;
			buildActionMask = 2147483647;
			files = (
				50CA30EC251050FC000ADA00 /* tip_calculatorTests.swift in Sources */,
			);
			runOnlyForDeploymentPostprocessing = 0;
		};
		50CA30EE251050FC000ADA00 /* Sources */ = {
			isa = PBXSourcesBuildPhase;
			buildActionMask = 2147483647;
			files = (
				50CA30F7251050FC000ADA00 /* tip_calculatorUITests.swift in Sources */,
			);
			runOnlyForDeploymentPostprocessing = 0;
		};
/* End PBXSourcesBuildPhase section */

/* Begin PBXTargetDependency section */
		50CA30E9251050FC000ADA00 /* PBXTargetDependency */ = {
			isa = PBXTargetDependency;
			target = 50CA30D0251050FA000ADA00 /* tip calculator */;
			targetProxy = 50CA30E8251050FC000ADA00 /* PBXContainerItemProxy */;
		};
		50CA30F4251050FC000ADA00 /* PBXTargetDependency */ = {
			isa = PBXTargetDependency;
			target = 50CA30D0251050FA000ADA00 /* tip calculator */;
			targetProxy = 50CA30F3251050FC000ADA00 /* PBXContainerItemProxy */;
		};
/* End PBXTargetDependency section */

/* Begin PBXVariantGroup section */
		50CA30DA251050FA000ADA00 /* Main.storyboard */ = {
			isa = PBXVariantGroup;
			children = (
				50CA30DB251050FA000ADA00 /* Base */,
			);
			name = Main.storyboard;
			sourceTree = "<group>";
		};
		50CA30DF251050FC000ADA00 /* LaunchScreen.storyboard */ = {
			isa = PBXVariantGroup;
			children = (
				50CA30E0251050FC000ADA00 /* Base */,
			);
			name = LaunchScreen.storyboard;
			sourceTree = "<group>";
		};
/* End PBXVariantGroup section */

/* Begin XCBuildConfiguration section */
		50CA30F9251050FC000ADA00 /* Debug */ = {
			isa = XCBuildConfiguration;
			buildSettings = {
				ALWAYS_SEARCH_USER_PATHS = NO;
				CLANG_ANALYZER_NONNULL = YES;
				CLANG_ANALYZER_NUMBER_OBJECT_CONVERSION = YES_AGGRESSIVE;
				CLANG_CXX_LANGUAGE_STANDARD = "gnu++14";
				CLANG_CXX_LIBRARY = "libc++";
				CLANG_ENABLE_MODULES = YES;
				CLANG_ENABLE_OBJC_ARC = YES;
				CLANG_ENABLE_OBJC_WEAK = YES;
				CLANG_WARN_BLOCK_CAPTURE_AUTORELEASING = YES;
				CLANG_WARN_BOOL_CONVERSION = YES;
				CLANG_WARN_COMMA = YES;
				CLANG_WARN_CONSTANT_CONVERSION = YES;
				CLANG_WARN_DEPRECATED_OBJC_IMPLEMENTATIONS = YES;
				CLANG_WARN_DIRECT_OBJC_ISA_USAGE = YES_ERROR;
				CLANG_WARN_DOCUMENTATION_COMMENTS = YES;
				CLANG_WARN_EMPTY_BODY = YES;
				CLANG_WARN_ENUM_CONVERSION = YES;
				CLANG_WARN_INFINITE_RECURSION = YES;
				CLANG_WARN_INT_CONVERSION = YES;
				CLANG_WARN_NON_LITERAL_NULL_CONVERSION = YES;
				CLANG_WARN_OBJC_IMPLICIT_RETAIN_SELF = YES;
				CLANG_WARN_OBJC_LITERAL_CONVERSION = YES;
				CLANG_WARN_OBJC_ROOT_CLASS = YES_ERROR;
				CLANG_WARN_RANGE_LOOP_ANALYSIS = YES;
				CLANG_WARN_STRICT_PROTOTYPES = YES;
				CLANG_WARN_SUSPICIOUS_MOVE = YES;
				CLANG_WARN_UNGUARDED_AVAILABILITY = YES_AGGRESSIVE;
				CLANG_WARN_UNREACHABLE_CODE = YES;
				CLANG_WARN__DUPLICATE_METHOD_MATCH = YES;
				COPY_PHASE_STRIP = NO;
				DEBUG_INFORMATION_FORMAT = dwarf;
				ENABLE_STRICT_OBJC_MSGSEND = YES;
				ENABLE_TESTABILITY = YES;
				GCC_C_LANGUAGE_STANDARD = gnu11;
				GCC_DYNAMIC_NO_PIC = NO;
				GCC_NO_COMMON_BLOCKS = YES;
				GCC_OPTIMIZATION_LEVEL = 0;
				GCC_PREPROCESSOR_DEFINITIONS = (
					"DEBUG=1",
					"$(inherited)",
				);
				GCC_WARN_64_TO_32_BIT_CONVERSION = YES;
				GCC_WARN_ABOUT_RETURN_TYPE = YES_ERROR;
				GCC_WARN_UNDECLARED_SELECTOR = YES;
				GCC_WARN_UNINITIALIZED_AUTOS = YES_AGGRESSIVE;
				GCC_WARN_UNUSED_FUNCTION = YES;
				GCC_WARN_UNUSED_VARIABLE = YES;
				IPHONEOS_DEPLOYMENT_TARGET = 13.7;
				MTL_ENABLE_DEBUG_INFO = INCLUDE_SOURCE;
				MTL_FAST_MATH = YES;
				ONLY_ACTIVE_ARCH = YES;
				SDKROOT = iphoneos;
				SWIFT_ACTIVE_COMPILATION_CONDITIONS = DEBUG;
				SWIFT_OPTIMIZATION_LEVEL = "-Onone";
			};
			name = Debug;
		};
		50CA30FA251050FC000ADA00 /* Release */ = {
			isa = XCBuildConfiguration;
			buildSettings = {
				ALWAYS_SEARCH_USER_PATHS = NO;
				CLANG_ANALYZER_NONNULL = YES;
				CLANG_ANALYZER_NUMBER_OBJECT_CONVERSION = YES_AGGRESSIVE;
				CLANG_CXX_LANGUAGE_STANDARD = "gnu++14";
				CLANG_CXX_LIBRARY = "libc++";
				CLANG_ENABLE_MODULES = YES;
				CLANG_ENABLE_OBJC_ARC = YES;
				CLANG_ENABLE_OBJC_WEAK = YES;
				CLANG_WARN_BLOCK_CAPTURE_AUTORELEASING = YES;
				CLANG_WARN_BOOL_CONVERSION = YES;
				CLANG_WARN_COMMA = YES;
				CLANG_WARN_CONSTANT_CONVERSION = YES;
				CLANG_WARN_DEPRECATED_OBJC_IMPLEMENTATIONS = YES;
				CLANG_WARN_DIRECT_OBJC_ISA_USAGE = YES_ERROR;
				CLANG_WARN_DOCUMENTATION_COMMENTS = YES;
				CLANG_WARN_EMPTY_BODY = YES;
				CLANG_WARN_ENUM_CONVERSION = YES;
				CLANG_WARN_INFINITE_RECURSION = YES;
				CLANG_WARN_INT_CONVERSION = YES;
				CLANG_WARN_NON_LITERAL_NULL_CONVERSION = YES;
				CLANG_WARN_OBJC_IMPLICIT_RETAIN_SELF = YES;
				CLANG_WARN_OBJC_LITERAL_CONVERSION = YES;
				CLANG_WARN_OBJC_ROOT_CLASS = YES_ERROR;
				CLANG_WARN_RANGE_LOOP_ANALYSIS = YES;
				CLANG_WARN_STRICT_PROTOTYPES = YES;
				CLANG_WARN_SUSPICIOUS_MOVE = YES;
				CLANG_WARN_UNGUARDED_AVAILABILITY = YES_AGGRESSIVE;
				CLANG_WARN_UNREACHABLE_CODE = YES;
				CLANG_WARN__DUPLICATE_METHOD_MATCH = YES;
				COPY_PHASE_STRIP = NO;
				DEBUG_INFORMATION_FORMAT = "dwarf-with-dsym";
				ENABLE_NS_ASSERTIONS = NO;
				ENABLE_STRICT_OBJC_MSGSEND = YES;
				GCC_C_LANGUAGE_STANDARD = gnu11;
				GCC_NO_COMMON_BLOCKS = YES;
				GCC_WARN_64_TO_32_BIT_CONVERSION = YES;
				GCC_WARN_ABOUT_RETURN_TYPE = YES_ERROR;
				GCC_WARN_UNDECLARED_SELECTOR = YES;
				GCC_WARN_UNINITIALIZED_AUTOS = YES_AGGRESSIVE;
				GCC_WARN_UNUSED_FUNCTION = YES;
				GCC_WARN_UNUSED_VARIABLE = YES;
				IPHONEOS_DEPLOYMENT_TARGET = 13.7;
				MTL_ENABLE_DEBUG_INFO = NO;
				MTL_FAST_MATH = YES;
				SDKROOT = iphoneos;
				SWIFT_COMPILATION_MODE = wholemodule;
				SWIFT_OPTIMIZATION_LEVEL = "-O";
				VALIDATE_PRODUCT = YES;
			};
			name = Release;
		};
		50CA30FC251050FC000ADA00 /* Debug */ = {
			isa = XCBuildConfiguration;
			buildSettings = {
				ASSETCATALOG_COMPILER_APPICON_NAME = AppIcon;
				CODE_SIGN_STYLE = Automatic;
				INFOPLIST_FILE = "tip calculator/Info.plist";
				LD_RUNPATH_SEARCH_PATHS = (
					"$(inherited)",
					"@executable_path/Frameworks",
				);
				PRODUCT_BUNDLE_IDENTIFIER = "Codepath.tip-calculator";
				PRODUCT_NAME = "$(TARGET_NAME)";
				SWIFT_VERSION = 5.0;
				TARGETED_DEVICE_FAMILY = "1,2";
			};
			name = Debug;
		};
		50CA30FD251050FC000ADA00 /* Release */ = {
			isa = XCBuildConfiguration;
			buildSettings = {
				ASSETCATALOG_COMPILER_APPICON_NAME = AppIcon;
				CODE_SIGN_STYLE = Automatic;
				INFOPLIST_FILE = "tip calculator/Info.plist";
				LD_RUNPATH_SEARCH_PATHS = (
					"$(inherited)",
					"@executable_path/Frameworks",
				);
				PRODUCT_BUNDLE_IDENTIFIER = "Codepath.tip-calculator";
				PRODUCT_NAME = "$(TARGET_NAME)";
				SWIFT_VERSION = 5.0;
				TARGETED_DEVICE_FAMILY = "1,2";
			};
			name = Release;
		};
		50CA30FF251050FC000ADA00 /* Debug */ = {
			isa = XCBuildConfiguration;
			buildSettings = {
				ALWAYS_EMBED_SWIFT_STANDARD_LIBRARIES = YES;
				BUNDLE_LOADER = "$(TEST_HOST)";
				CODE_SIGN_STYLE = Automatic;
				INFOPLIST_FILE = "tip calculatorTests/Info.plist";
				IPHONEOS_DEPLOYMENT_TARGET = 13.7;
				LD_RUNPATH_SEARCH_PATHS = (
					"$(inherited)",
					"@executable_path/Frameworks",
					"@loader_path/Frameworks",
				);
				PRODUCT_BUNDLE_IDENTIFIER = "Codepath.tip-calculatorTests";
				PRODUCT_NAME = "$(TARGET_NAME)";
				SWIFT_VERSION = 5.0;
				TARGETED_DEVICE_FAMILY = "1,2";
				TEST_HOST = "$(BUILT_PRODUCTS_DIR)/tip calculator.app/tip calculator";
			};
			name = Debug;
		};
		50CA3100251050FC000ADA00 /* Release */ = {
			isa = XCBuildConfiguration;
			buildSettings = {
				ALWAYS_EMBED_SWIFT_STANDARD_LIBRARIES = YES;
				BUNDLE_LOADER = "$(TEST_HOST)";
				CODE_SIGN_STYLE = Automatic;
				INFOPLIST_FILE = "tip calculatorTests/Info.plist";
				IPHONEOS_DEPLOYMENT_TARGET = 13.7;
				LD_RUNPATH_SEARCH_PATHS = (
					"$(inherited)",
					"@executable_path/Frameworks",
					"@loader_path/Frameworks",
				);
				PRODUCT_BUNDLE_IDENTIFIER = "Codepath.tip-calculatorTests";
				PRODUCT_NAME = "$(TARGET_NAME)";
				SWIFT_VERSION = 5.0;
				TARGETED_DEVICE_FAMILY = "1,2";
				TEST_HOST = "$(BUILT_PRODUCTS_DIR)/tip calculator.app/tip calculator";
			};
			name = Release;
		};
		50CA3102251050FC000ADA00 /* Debug */ = {
			isa = XCBuildConfiguration;
			buildSettings = {
				ALWAYS_EMBED_SWIFT_STANDARD_LIBRARIES = YES;
				CODE_SIGN_STYLE = Automatic;
				INFOPLIST_FILE = "tip calculatorUITests/Info.plist";
				LD_RUNPATH_SEARCH_PATHS = (
					"$(inherited)",
					"@executable_path/Frameworks",
					"@loader_path/Frameworks",
				);
				PRODUCT_BUNDLE_IDENTIFIER = "Codepath.tip-calculatorUITests";
				PRODUCT_NAME = "$(TARGET_NAME)";
				SWIFT_VERSION = 5.0;
				TARGETED_DEVICE_FAMILY = "1,2";
				TEST_TARGET_NAME = "tip calculator";
			};
			name = Debug;
		};
		50CA3103251050FC000ADA00 /* Release */ = {
			isa = XCBuildConfiguration;
			buildSettings = {
				ALWAYS_EMBED_SWIFT_STANDARD_LIBRARIES = YES;
				CODE_SIGN_STYLE = Automatic;
				INFOPLIST_FILE = "tip calculatorUITests/Info.plist";
				LD_RUNPATH_SEARCH_PATHS = (
					"$(inherited)",
					"@executable_path/Frameworks",
					"@loader_path/Frameworks",
				);
				PRODUCT_BUNDLE_IDENTIFIER = "Codepath.tip-calculatorUITests";
				PRODUCT_NAME = "$(TARGET_NAME)";
				SWIFT_VERSION = 5.0;
				TARGETED_DEVICE_FAMILY = "1,2";
				TEST_TARGET_NAME = "tip calculator";
			};
			name = Release;
		};
/* End XCBuildConfiguration section */

/* Begin XCConfigurationList section */
		50CA30CC251050FA000ADA00 /* Build configuration list for PBXProject "tip calculator" */ = {
			isa = XCConfigurationList;
			buildConfigurations = (
				50CA30F9251050FC000ADA00 /* Debug */,
				50CA30FA251050FC000ADA00 /* Release */,
			);
			defaultConfigurationIsVisible = 0;
			defaultConfigurationName = Release;
		};
		50CA30FB251050FC000ADA00 /* Build configuration list for PBXNativeTarget "tip calculator" */ = {
			isa = XCConfigurationList;
			buildConfigurations = (
				50CA30FC251050FC000ADA00 /* Debug */,
				50CA30FD251050FC000ADA00 /* Release */,
			);
			defaultConfigurationIsVisible = 0;
			defaultConfigurationName = Release;
		};
		50CA30FE251050FC000ADA00 /* Build configuration list for PBXNativeTarget "tip calculatorTests" */ = {
			isa = XCConfigurationList;
			buildConfigurations = (
				50CA30FF251050FC000ADA00 /* Debug */,
				50CA3100251050FC000ADA00 /* Release */,
			);
			defaultConfigurationIsVisible = 0;
			defaultConfigurationName = Release;
		};
		50CA3101251050FC000ADA00 /* Build configuration list for PBXNativeTarget "tip calculatorUITests" */ = {
			isa = XCConfigurationList;
			buildConfigurations = (
				50CA3102251050FC000ADA00 /* Debug */,
				50CA3103251050FC000ADA00 /* Release */,
			);
			defaultConfigurationIsVisible = 0;
			defaultConfigurationName = Release;
		};
/* End XCConfigurationList section */
	};
	rootObject = 50CA30C9251050FA000ADA00 /* Project object */;
}
